// !$*UTF8*$!
{
	archiveVersion = 1;
	classes = {
	};
	objectVersion = 46;
	objects = {

/* Begin PBXBuildFile section */
		0B66AFBE1B89B2AF0060CD41 /* main.m in Sources */ = {isa = PBXBuildFile; fileRef = 0B66AFBD1B89B2AF0060CD41 /* main.m */; };
/* End PBXBuildFile section */

/* Begin PBXCopyFilesBuildPhase section */
		0B66AFB81B89B2AF0060CD41 /* CopyFiles */ = {
			isa = PBXCopyFilesBuildPhase;
			buildActionMask = 2147483647;
			dstPath = /usr/share/man/man1/;
			dstSubfolderSpec = 0;
			files = (
			);
			runOnlyForDeploymentPostprocessing = 1;
		};
/* End PBXCopyFilesBuildPhase section */

/* Begin PBXFileReference section */
		0B66AFBA1B89B2AF0060CD41 /* ObjC-TimeComplexity-TapeEquilibrium */ = {isa = PBXFileReference; explicitFileType = "compiled.mach-o.executable"; includeInIndex = 0; path = "ObjC-TimeComplexity-TapeEquilibrium"; sourceTree = BUILT_PRODUCTS_DIR; };
		0B66AFBD1B89B2AF0060CD41 /* main.m */ = {isa = PBXFileReference; lastKnownFileType = sourcecode.c.objc; path = main.m; sourceTree = "<group>"; };
/* End PBXFileReference section */

/* Begin PBXFrameworksBuildPhase section */
		0B66AFB71B89B2AF0060CD41 /* Frameworks */ = {
			isa = PBXFrameworksBuildPhase;
			buildActionMask = 2147483647;
			files = (
			);
			runOnlyForDeploymentPostprocessing = 0;
		};
/* End PBXFrameworksBuildPhase section */

/* Begin PBXGroup section */
		0B66AFB11B89B2AF0060CD41 = {
			isa = PBXGroup;
			children = (
				0B66AFBC1B89B2AF0060CD41 /* ObjC-TimeComplexity-TapeEquilibrium */,
				0B66AFBB1B89B2AF0060CD41 /* Products */,
			);
			sourceTree = "<group>";
		};
		0B66AFBB1B89B2AF0060CD41 /* Products */ = {
			isa = PBXGroup;
			children = (
				0B66AFBA1B89B2AF0060CD41 /* ObjC-TimeComplexity-TapeEquilibrium */,
			);
			name = Products;
			sourceTree = "<group>";
		};
		0B66AFBC1B89B2AF0060CD41 /* ObjC-TimeComplexity-TapeEquilibrium */ = {
			isa = PBXGroup;
			children = (
				0B66AFBD1B89B2AF0060CD41 /* main.m */,
			);
			path = "ObjC-TimeComplexity-TapeEquilibrium";
			sourceTree = "<group>";
		};
/* End PBXGroup section */

/* Begin PBXNativeTarget section */
		0B66AFB91B89B2AF0060CD41 /* ObjC-TimeComplexity-TapeEquilibrium */ = {
			isa = PBXNativeTarget;
			buildConfigurationList = 0B66AFC11B89B2AF0060CD41 /* Build configuration list for PBXNativeTarget "ObjC-TimeComplexity-TapeEquilibrium" */;
			buildPhases = (
				0B66AFB61B89B2AF0060CD41 /* Sources */,
				0B66AFB71B89B2AF0060CD41 /* Frameworks */,
				0B66AFB81B89B2AF0060CD41 /* CopyFiles */,
			);
			buildRules = (
			);
			dependencies = (
			);
			name = "ObjC-TimeComplexity-TapeEquilibrium";
			productName = "ObjC-TimeComplexity-TapeEquilibrium";
			productReference = 0B66AFBA1B89B2AF0060CD41 /* ObjC-TimeComplexity-TapeEquilibrium */;
			productType = "com.apple.product-type.tool";
		};
/* End PBXNativeTarget section */

/* Begin PBXProject section */
		0B66AFB21B89B2AF0060CD41 /* Project object */ = {
			isa = PBXProject;
			attributes = {
				LastUpgradeCheck = 0700;
				ORGANIZATIONNAME = "Angel Ricardo";
				TargetAttributes = {
					0B66AFB91B89B2AF0060CD41 = {
						CreatedOnToolsVersion = 7.0;
					};
				};
			};
			buildConfigurationList = 0B66AFB51B89B2AF0060CD41 /* Build configuration list for PBXProject "ObjC-TimeComplexity-TapeEquilibrium" */;
			compatibilityVersion = "Xcode 3.2";
			developmentRegion = English;
			hasScannedForEncodings = 0;
			knownRegions = (
				en,
			);
			mainGroup = 0B66AFB11B89B2AF0060CD41;
			productRefGroup = 0B66AFBB1B89B2AF0060CD41 /* Products */;
			projectDirPath = "";
			projectRoot = "";
			targets = (
				0B66AFB91B89B2AF0060CD41 /* ObjC-TimeComplexity-TapeEquilibrium */,
			);
		};
/* End PBXProject section */

/* Begin PBXSourcesBuildPhase section */
		0B66AFB61B89B2AF0060CD41 /* Sources */ = {
			isa = PBXSourcesBuildPhase;
			buildActionMask = 2147483647;
			files = (
				0B66AFBE1B89B2AF0060CD41 /* main.m in Sources */,
			);
			runOnlyForDeploymentPostprocessing = 0;
		};
/* End PBXSourcesBuildPhase section */

/* Begin XCBuildConfiguration section */
		0B66AFBF1B89B2AF0060CD41 /* Debug */ = {
			isa = XCBuildConfiguration;
			buildSettings = {
				ALWAYS_SEARCH_USER_PATHS = NO;
				CLANG_CXX_LANGUAGE_STANDARD = "gnu++0x";
				CLANG_CXX_LIBRARY = "libc++";
				CLANG_ENABLE_MODULES = YES;
				CLANG_ENABLE_OBJC_ARC = YES;
				CLANG_WARN_BOOL_CONVERSION = YES;
				CLANG_WARN_CONSTANT_CONVERSION = YES;
				CLANG_WARN_DIRECT_OBJC_ISA_USAGE = YES_ERROR;
				CLANG_WARN_EMPTY_BODY = YES;
				CLANG_WARN_ENUM_CONVERSION = YES;
				CLANG_WARN_INT_CONVERSION = YES;
				CLANG_WARN_OBJC_ROOT_CLASS = YES_ERROR;
				CLANG_WARN_UNREACHABLE_CODE = YES;
				CLANG_WARN__DUPLICATE_METHOD_MATCH = YES;
				COPY_PHASE_STRIP = NO;
				DEBUG_INFORMATION_FORMAT = dwarf;
				ENABLE_STRICT_OBJC_MSGSEND = YES;
				ENABLE_TESTABILITY = YES;
				GCC_C_LANGUAGE_STANDARD = gnu99;
				GCC_DYNAMIC_NO_PIC = NO;
				GCC_NO_COMMON_BLOCKS = YES;
				GCC_OPTIMIZATION_LEVEL = 0;
				GCC_PREPROCESSOR_DEFINITIONS = (
					"DEBUG=1",
					"$(inherited)",
				);
				GCC_WARN_64_TO_32_BIT_CONVERSION = YES;
				GCC_WARN_ABOUT_RETURN_TYPE = YES_ERROR;
				GCC_WARN_UNDECLARED_SELECTOR = YES;
				GCC_WARN_UNINITIALIZED_AUTOS = YES_AGGRESSIVE;
				GCC_WARN_UNUSED_FUNCTION = YES;
				GCC_WARN_UNUSED_VARIABLE = YES;
				MACOSX_DEPLOYMENT_TARGET = 10.10;
				MTL_ENABLE_DEBUG_INFO = YES;
				ONLY_ACTIVE_ARCH = YES;
				SDKROOT = macosx;
			};
			name = Debug;
		};
		0B66AFC01B89B2AF0060CD41 /* Release */ = {
			isa = XCBuildConfiguration;
			buildSettings = {
				ALWAYS_SEARCH_USER_PATHS = NO;
				CLANG_CXX_LANGUAGE_STANDARD = "gnu++0x";
				CLANG_CXX_LIBRARY = "libc++";
				CLANG_ENABLE_MODULES = YES;
				CLANG_ENABLE_OBJC_ARC = YES;
				CLANG_WARN_BOOL_CONVERSION = YES;
				CLANG_WARN_CONSTANT_CONVERSION = YES;
				CLANG_WARN_DIRECT_OBJC_ISA_USAGE = YES_ERROR;
				CLANG_WARN_EMPTY_BODY = YES;
				CLANG_WARN_ENUM_CONVERSION = YES;
				CLANG_WARN_INT_CONVERSION = YES;
				CLANG_WARN_OBJC_ROOT_CLASS = YES_ERROR;
				CLANG_WARN_UNREACHABLE_CODE = YES;
				CLANG_WARN__DUPLICATE_METHOD_MATCH = YES;
				COPY_PHASE_STRIP = NO;
				DEBUG_INFORMATION_FORMAT = "dwarf-with-dsym";
				ENABLE_NS_ASSERTIONS = NO;
				ENABLE_STRICT_OBJC_MSGSEND = YES;
				GCC_C_LANGUAGE_STANDARD = gnu99;
				GCC_NO_COMMON_BLOCKS = YES;
				GCC_WARN_64_TO_32_BIT_CONVERSION = YES;
				GCC_WARN_ABOUT_RETURN_TYPE = YES_ERROR;
				GCC_WARN_UNDECLARED_SELECTOR = YES;
				GCC_WARN_UNINITIALIZED_AUTOS = YES_AGGRESSIVE;
				GCC_WARN_UNUSED_FUNCTION = YES;
				GCC_WARN_UNUSED_VARIABLE = YES;
				MACOSX_DEPLOYMENT_TARGET = 10.10;
				MTL_ENABLE_DEBUG_INFO = NO;
				SDKROOT = macosx;
			};
			name = Release;
		};
		0B66AFC21B89B2AF0060CD41 /* Debug */ = {
			isa = XCBuildConfiguration;
			buildSettings = {
				PRODUCT_NAME = "$(TARGET_NAME)";
			};
			name = Debug;
		};
		0B66AFC31B89B2AF0060CD41 /* Release */ = {
			isa = XCBuildConfiguration;
			buildSettings = {
				PRODUCT_NAME = "$(TARGET_NAME)";
			};
			name = Release;
		};
/* End XCBuildConfiguration section */

/* Begin XCConfigurationList section */
		0B66AFB51B89B2AF0060CD41 /* Build configuration list for PBXProject "ObjC-TimeComplexity-TapeEquilibrium" */ = {
			isa = XCConfigurationList;
			buildConfigurations = (
				0B66AFBF1B89B2AF0060CD41 /* Debug */,
				0B66AFC01B89B2AF0060CD41 /* Release */,
			);
			defaultConfigurationIsVisible = 0;
			defaultConfigurationName = Release;
		};
		0B66AFC11B89B2AF0060CD41 /* Build configuration list for PBXNativeTarget "ObjC-TimeComplexity-TapeEquilibrium" */ = {
			isa = XCConfigurationList;
			buildConfigurations = (
				0B66AFC21B89B2AF0060CD41 /* Debug */,
				0B66AFC31B89B2AF0060CD41 /* Release */,
			);
			defaultConfigurationIsVisible = 0;
		};
/* End XCConfigurationList section */
	};
	rootObject = 0B66AFB21B89B2AF0060CD41 /* Project object */;
}
