// !$*UTF8*$!
{
	archiveVersion = 1;
	classes = {
	};
	objectVersion = 46;
	objects = {

/* Begin PBXBuildFile section */
		0B53AAE91B8ABF5100ACBDFA /* main.m in Sources */ = {isa = PBXBuildFile; fileRef = 0B53AAE81B8ABF5100ACBDFA /* main.m */; };
/* End PBXBuildFile section */

/* Begin PBXCopyFilesBuildPhase section */
		0B53AAE31B8ABF5100ACBDFA /* CopyFiles */ = {
			isa = PBXCopyFilesBuildPhase;
			buildActionMask = 2147483647;
			dstPath = /usr/share/man/man1/;
			dstSubfolderSpec = 0;
			files = (
			);
			runOnlyForDeploymentPostprocessing = 1;
		};
/* End PBXCopyFilesBuildPhase section */

/* Begin PBXFileReference section */
		0B53AAE51B8ABF5100ACBDFA /* TimeComplexity-FrogJmp */ = {isa = PBXFileReference; explicitFileType = "compiled.mach-o.executable"; includeInIndex = 0; path = "TimeComplexity-FrogJmp"; sourceTree = BUILT_PRODUCTS_DIR; };
		0B53AAE81B8ABF5100ACBDFA /* main.m */ = {isa = PBXFileReference; lastKnownFileType = sourcecode.c.objc; path = main.m; sourceTree = "<group>"; };
/* End PBXFileReference section */

/* Begin PBXFrameworksBuildPhase section */
		0B53AAE21B8ABF5100ACBDFA /* Frameworks */ = {
			isa = PBXFrameworksBuildPhase;
			buildActionMask = 2147483647;
			files = (
			);
			runOnlyForDeploymentPostprocessing = 0;
		};
/* End PBXFrameworksBuildPhase section */

/* Begin PBXGroup section */
		0B53AADC1B8ABF5100ACBDFA = {
			isa = PBXGroup;
			children = (
				0B53AAE71B8ABF5100ACBDFA /* TimeComplexity-FrogJmp */,
				0B53AAE61B8ABF5100ACBDFA /* Products */,
			);
			sourceTree = "<group>";
		};
		0B53AAE61B8ABF5100ACBDFA /* Products */ = {
			isa = PBXGroup;
			children = (
				0B53AAE51B8ABF5100ACBDFA /* TimeComplexity-FrogJmp */,
			);
			name = Products;
			sourceTree = "<group>";
		};
		0B53AAE71B8ABF5100ACBDFA /* TimeComplexity-FrogJmp */ = {
			isa = PBXGroup;
			children = (
				0B53AAE81B8ABF5100ACBDFA /* main.m */,
			);
			path = "TimeComplexity-FrogJmp";
			sourceTree = "<group>";
		};
/* End PBXGroup section */

/* Begin PBXNativeTarget section */
		0B53AAE41B8ABF5100ACBDFA /* TimeComplexity-FrogJmp */ = {
			isa = PBXNativeTarget;
			buildConfigurationList = 0B53AAEC1B8ABF5100ACBDFA /* Build configuration list for PBXNativeTarget "TimeComplexity-FrogJmp" */;
			buildPhases = (
				0B53AAE11B8ABF5100ACBDFA /* Sources */,
				0B53AAE21B8ABF5100ACBDFA /* Frameworks */,
				0B53AAE31B8ABF5100ACBDFA /* CopyFiles */,
			);
			buildRules = (
			);
			dependencies = (
			);
			name = "TimeComplexity-FrogJmp";
			productName = "TimeComplexity-FrogJmp";
			productReference = 0B53AAE51B8ABF5100ACBDFA /* TimeComplexity-FrogJmp */;
			productType = "com.apple.product-type.tool";
		};
/* End PBXNativeTarget section */

/* Begin PBXProject section */
		0B53AADD1B8ABF5100ACBDFA /* Project object */ = {
			isa = PBXProject;
			attributes = {
				LastUpgradeCheck = 0700;
				ORGANIZATIONNAME = "Angel Ricardo";
				TargetAttributes = {
					0B53AAE41B8ABF5100ACBDFA = {
						CreatedOnToolsVersion = 7.0;
					};
				};
			};
			buildConfigurationList = 0B53AAE01B8ABF5100ACBDFA /* Build configuration list for PBXProject "TimeComplexity-FrogJmp" */;
			compatibilityVersion = "Xcode 3.2";
			developmentRegion = English;
			hasScannedForEncodings = 0;
			knownRegions = (
				en,
			);
			mainGroup = 0B53AADC1B8ABF5100ACBDFA;
			productRefGroup = 0B53AAE61B8ABF5100ACBDFA /* Products */;
			projectDirPath = "";
			projectRoot = "";
			targets = (
				0B53AAE41B8ABF5100ACBDFA /* TimeComplexity-FrogJmp */,
			);
		};
/* End PBXProject section */

/* Begin PBXSourcesBuildPhase section */
		0B53AAE11B8ABF5100ACBDFA /* Sources */ = {
			isa = PBXSourcesBuildPhase;
			buildActionMask = 2147483647;
			files = (
				0B53AAE91B8ABF5100ACBDFA /* main.m in Sources */,
			);
			runOnlyForDeploymentPostprocessing = 0;
		};
/* End PBXSourcesBuildPhase section */

/* Begin XCBuildConfiguration section */
		0B53AAEA1B8ABF5100ACBDFA /* Debug */ = {
			isa = XCBuildConfiguration;
			buildSettings = {
				ALWAYS_SEARCH_USER_PATHS = NO;
				CLANG_CXX_LANGUAGE_STANDARD = "gnu++0x";
				CLANG_CXX_LIBRARY = "libc++";
				CLANG_ENABLE_MODULES = YES;
				CLANG_ENABLE_OBJC_ARC = YES;
				CLANG_WARN_BOOL_CONVERSION = YES;
				CLANG_WARN_CONSTANT_CONVERSION = YES;
				CLANG_WARN_DIRECT_OBJC_ISA_USAGE = YES_ERROR;
				CLANG_WARN_EMPTY_BODY = YES;
				CLANG_WARN_ENUM_CONVERSION = YES;
				CLANG_WARN_INT_CONVERSION = YES;
				CLANG_WARN_OBJC_ROOT_CLASS = YES_ERROR;
				CLANG_WARN_UNREACHABLE_CODE = YES;
				CLANG_WARN__DUPLICATE_METHOD_MATCH = YES;
				COPY_PHASE_STRIP = NO;
				DEBUG_INFORMATION_FORMAT = dwarf;
				ENABLE_STRICT_OBJC_MSGSEND = YES;
				ENABLE_TESTABILITY = YES;
				GCC_C_LANGUAGE_STANDARD = gnu99;
				GCC_DYNAMIC_NO_PIC = NO;
				GCC_NO_COMMON_BLOCKS = YES;
				GCC_OPTIMIZATION_LEVEL = 0;
				GCC_PREPROCESSOR_DEFINITIONS = (
					"DEBUG=1",
					"$(inherited)",
				);
				GCC_WARN_64_TO_32_BIT_CONVERSION = YES;
				GCC_WARN_ABOUT_RETURN_TYPE = YES_ERROR;
				GCC_WARN_UNDECLARED_SELECTOR = YES;
				GCC_WARN_UNINITIALIZED_AUTOS = YES_AGGRESSIVE;
				GCC_WARN_UNUSED_FUNCTION = YES;
				GCC_WARN_UNUSED_VARIABLE = YES;
				MACOSX_DEPLOYMENT_TARGET = 10.10;
				MTL_ENABLE_DEBUG_INFO = YES;
				ONLY_ACTIVE_ARCH = YES;
				SDKROOT = macosx;
			};
			name = Debug;
		};
		0B53AAEB1B8ABF5100ACBDFA /* Release */ = {
			isa = XCBuildConfiguration;
			buildSettings = {
				ALWAYS_SEARCH_USER_PATHS = NO;
				CLANG_CXX_LANGUAGE_STANDARD = "gnu++0x";
				CLANG_CXX_LIBRARY = "libc++";
				CLANG_ENABLE_MODULES = YES;
				CLANG_ENABLE_OBJC_ARC = YES;
				CLANG_WARN_BOOL_CONVERSION = YES;
				CLANG_WARN_CONSTANT_CONVERSION = YES;
				CLANG_WARN_DIRECT_OBJC_ISA_USAGE = YES_ERROR;
				CLANG_WARN_EMPTY_BODY = YES;
				CLANG_WARN_ENUM_CONVERSION = YES;
				CLANG_WARN_INT_CONVERSION = YES;
				CLANG_WARN_OBJC_ROOT_CLASS = YES_ERROR;
				CLANG_WARN_UNREACHABLE_CODE = YES;
				CLANG_WARN__DUPLICATE_METHOD_MATCH = YES;
				COPY_PHASE_STRIP = NO;
				DEBUG_INFORMATION_FORMAT = "dwarf-with-dsym";
				ENABLE_NS_ASSERTIONS = NO;
				ENABLE_STRICT_OBJC_MSGSEND = YES;
				GCC_C_LANGUAGE_STANDARD = gnu99;
				GCC_NO_COMMON_BLOCKS = YES;
				GCC_WARN_64_TO_32_BIT_CONVERSION = YES;
				GCC_WARN_ABOUT_RETURN_TYPE = YES_ERROR;
				GCC_WARN_UNDECLARED_SELECTOR = YES;
				GCC_WARN_UNINITIALIZED_AUTOS = YES_AGGRESSIVE;
				GCC_WARN_UNUSED_FUNCTION = YES;
				GCC_WARN_UNUSED_VARIABLE = YES;
				MACOSX_DEPLOYMENT_TARGET = 10.10;
				MTL_ENABLE_DEBUG_INFO = NO;
				SDKROOT = macosx;
			};
			name = Release;
		};
		0B53AAED1B8ABF5100ACBDFA /* Debug */ = {
			isa = XCBuildConfiguration;
			buildSettings = {
				PRODUCT_NAME = "$(TARGET_NAME)";
			};
			name = Debug;
		};
		0B53AAEE1B8ABF5100ACBDFA /* Release */ = {
			isa = XCBuildConfiguration;
			buildSettings = {
				PRODUCT_NAME = "$(TARGET_NAME)";
			};
			name = Release;
		};
/* End XCBuildConfiguration section */

/* Begin XCConfigurationList section */
		0B53AAE01B8ABF5100ACBDFA /* Build configuration list for PBXProject "TimeComplexity-FrogJmp" */ = {
			isa = XCConfigurationList;
			buildConfigurations = (
				0B53AAEA1B8ABF5100ACBDFA /* Debug */,
				0B53AAEB1B8ABF5100ACBDFA /* Release */,
			);
			defaultConfigurationIsVisible = 0;
			defaultConfigurationName = Release;
		};
		0B53AAEC1B8ABF5100ACBDFA /* Build configuration list for PBXNativeTarget "TimeComplexity-FrogJmp" */ = {
			isa = XCConfigurationList;
			buildConfigurations = (
				0B53AAED1B8ABF5100ACBDFA /* Debug */,
				0B53AAEE1B8ABF5100ACBDFA /* Release */,
			);
			defaultConfigurationIsVisible = 0;
		};
/* End XCConfigurationList section */
	};
	rootObject = 0B53AADD1B8ABF5100ACBDFA /* Project object */;
}
