// !$*UTF8*$!
{
	archiveVersion = 1;
	classes = {
	};
	objectVersion = 46;
	objects = {

/* Begin PBXBuildFile section */
		0B76201A1B2D28A4000BD1D7 /* main.m in Sources */ = {isa = PBXBuildFile; fileRef = 0B7620191B2D28A4000BD1D7 /* main.m */; };
/* End PBXBuildFile section */

/* Begin PBXCopyFilesBuildPhase section */
		0B7620141B2D28A4000BD1D7 /* CopyFiles */ = {
			isa = PBXCopyFilesBuildPhase;
			buildActionMask = 2147483647;
			dstPath = /usr/share/man/man1/;
			dstSubfolderSpec = 0;
			files = (
			);
			runOnlyForDeploymentPostprocessing = 1;
		};
/* End PBXCopyFilesBuildPhase section */

/* Begin PBXFileReference section */
		0B7620161B2D28A4000BD1D7 /* ObjC-DynamicProgramming-NumberSolitaire */ = {isa = PBXFileReference; explicitFileType = "compiled.mach-o.executable"; includeInIndex = 0; path = "ObjC-DynamicProgramming-NumberSolitaire"; sourceTree = BUILT_PRODUCTS_DIR; };
		0B7620191B2D28A4000BD1D7 /* main.m */ = {isa = PBXFileReference; lastKnownFileType = sourcecode.c.objc; path = main.m; sourceTree = "<group>"; };
/* End PBXFileReference section */

/* Begin PBXFrameworksBuildPhase section */
		0B7620131B2D28A4000BD1D7 /* Frameworks */ = {
			isa = PBXFrameworksBuildPhase;
			buildActionMask = 2147483647;
			files = (
			);
			runOnlyForDeploymentPostprocessing = 0;
		};
/* End PBXFrameworksBuildPhase section */

/* Begin PBXGroup section */
		0B76200D1B2D28A4000BD1D7 = {
			isa = PBXGroup;
			children = (
				0B7620181B2D28A4000BD1D7 /* ObjC-DynamicProgramming-NumberSolitaire */,
				0B7620171B2D28A4000BD1D7 /* Products */,
			);
			sourceTree = "<group>";
		};
		0B7620171B2D28A4000BD1D7 /* Products */ = {
			isa = PBXGroup;
			children = (
				0B7620161B2D28A4000BD1D7 /* ObjC-DynamicProgramming-NumberSolitaire */,
			);
			name = Products;
			sourceTree = "<group>";
		};
		0B7620181B2D28A4000BD1D7 /* ObjC-DynamicProgramming-NumberSolitaire */ = {
			isa = PBXGroup;
			children = (
				0B7620191B2D28A4000BD1D7 /* main.m */,
			);
			path = "ObjC-DynamicProgramming-NumberSolitaire";
			sourceTree = "<group>";
		};
/* End PBXGroup section */

/* Begin PBXNativeTarget section */
		0B7620151B2D28A4000BD1D7 /* ObjC-DynamicProgramming-NumberSolitaire */ = {
			isa = PBXNativeTarget;
			buildConfigurationList = 0B76201D1B2D28A4000BD1D7 /* Build configuration list for PBXNativeTarget "ObjC-DynamicProgramming-NumberSolitaire" */;
			buildPhases = (
				0B7620121B2D28A4000BD1D7 /* Sources */,
				0B7620131B2D28A4000BD1D7 /* Frameworks */,
				0B7620141B2D28A4000BD1D7 /* CopyFiles */,
			);
			buildRules = (
			);
			dependencies = (
			);
			name = "ObjC-DynamicProgramming-NumberSolitaire";
			productName = "ObjC-DynamicProgramming-NumberSolitaire";
			productReference = 0B7620161B2D28A4000BD1D7 /* ObjC-DynamicProgramming-NumberSolitaire */;
			productType = "com.apple.product-type.tool";
		};
/* End PBXNativeTarget section */

/* Begin PBXProject section */
		0B76200E1B2D28A4000BD1D7 /* Project object */ = {
			isa = PBXProject;
			attributes = {
				LastUpgradeCheck = 0630;
				ORGANIZATIONNAME = "Angel Ricardo";
				TargetAttributes = {
					0B7620151B2D28A4000BD1D7 = {
						CreatedOnToolsVersion = 6.3.2;
					};
				};
			};
			buildConfigurationList = 0B7620111B2D28A4000BD1D7 /* Build configuration list for PBXProject "ObjC-DynamicProgramming-NumberSolitaire" */;
			compatibilityVersion = "Xcode 3.2";
			developmentRegion = English;
			hasScannedForEncodings = 0;
			knownRegions = (
				en,
			);
			mainGroup = 0B76200D1B2D28A4000BD1D7;
			productRefGroup = 0B7620171B2D28A4000BD1D7 /* Products */;
			projectDirPath = "";
			projectRoot = "";
			targets = (
				0B7620151B2D28A4000BD1D7 /* ObjC-DynamicProgramming-NumberSolitaire */,
			);
		};
/* End PBXProject section */

/* Begin PBXSourcesBuildPhase section */
		0B7620121B2D28A4000BD1D7 /* Sources */ = {
			isa = PBXSourcesBuildPhase;
			buildActionMask = 2147483647;
			files = (
				0B76201A1B2D28A4000BD1D7 /* main.m in Sources */,
			);
			runOnlyForDeploymentPostprocessing = 0;
		};
/* End PBXSourcesBuildPhase section */

/* Begin XCBuildConfiguration section */
		0B76201B1B2D28A4000BD1D7 /* Debug */ = {
			isa = XCBuildConfiguration;
			buildSettings = {
				ALWAYS_SEARCH_USER_PATHS = NO;
				CLANG_CXX_LANGUAGE_STANDARD = "gnu++0x";
				CLANG_CXX_LIBRARY = "libc++";
				CLANG_ENABLE_MODULES = YES;
				CLANG_ENABLE_OBJC_ARC = YES;
				CLANG_WARN_BOOL_CONVERSION = YES;
				CLANG_WARN_CONSTANT_CONVERSION = YES;
				CLANG_WARN_DIRECT_OBJC_ISA_USAGE = YES_ERROR;
				CLANG_WARN_EMPTY_BODY = YES;
				CLANG_WARN_ENUM_CONVERSION = YES;
				CLANG_WARN_INT_CONVERSION = YES;
				CLANG_WARN_OBJC_ROOT_CLASS = YES_ERROR;
				CLANG_WARN_UNREACHABLE_CODE = YES;
				CLANG_WARN__DUPLICATE_METHOD_MATCH = YES;
				COPY_PHASE_STRIP = NO;
				DEBUG_INFORMATION_FORMAT = dwarf;
				ENABLE_STRICT_OBJC_MSGSEND = YES;
				GCC_C_LANGUAGE_STANDARD = gnu99;
				GCC_DYNAMIC_NO_PIC = NO;
				GCC_NO_COMMON_BLOCKS = YES;
				GCC_OPTIMIZATION_LEVEL = 0;
				GCC_PREPROCESSOR_DEFINITIONS = (
					"DEBUG=1",
					"$(inherited)",
				);
				GCC_SYMBOLS_PRIVATE_EXTERN = NO;
				GCC_WARN_64_TO_32_BIT_CONVERSION = YES;
				GCC_WARN_ABOUT_RETURN_TYPE = YES_ERROR;
				GCC_WARN_UNDECLARED_SELECTOR = YES;
				GCC_WARN_UNINITIALIZED_AUTOS = YES_AGGRESSIVE;
				GCC_WARN_UNUSED_FUNCTION = YES;
				GCC_WARN_UNUSED_VARIABLE = YES;
				MACOSX_DEPLOYMENT_TARGET = 10.10;
				MTL_ENABLE_DEBUG_INFO = YES;
				ONLY_ACTIVE_ARCH = YES;
				SDKROOT = macosx;
			};
			name = Debug;
		};
		0B76201C1B2D28A4000BD1D7 /* Release */ = {
			isa = XCBuildConfiguration;
			buildSettings = {
				ALWAYS_SEARCH_USER_PATHS = NO;
				CLANG_CXX_LANGUAGE_STANDARD = "gnu++0x";
				CLANG_CXX_LIBRARY = "libc++";
				CLANG_ENABLE_MODULES = YES;
				CLANG_ENABLE_OBJC_ARC = YES;
				CLANG_WARN_BOOL_CONVERSION = YES;
				CLANG_WARN_CONSTANT_CONVERSION = YES;
				CLANG_WARN_DIRECT_OBJC_ISA_USAGE = YES_ERROR;
				CLANG_WARN_EMPTY_BODY = YES;
				CLANG_WARN_ENUM_CONVERSION = YES;
				CLANG_WARN_INT_CONVERSION = YES;
				CLANG_WARN_OBJC_ROOT_CLASS = YES_ERROR;
				CLANG_WARN_UNREACHABLE_CODE = YES;
				CLANG_WARN__DUPLICATE_METHOD_MATCH = YES;
				COPY_PHASE_STRIP = NO;
				DEBUG_INFORMATION_FORMAT = "dwarf-with-dsym";
				ENABLE_NS_ASSERTIONS = NO;
				ENABLE_STRICT_OBJC_MSGSEND = YES;
				GCC_C_LANGUAGE_STANDARD = gnu99;
				GCC_NO_COMMON_BLOCKS = YES;
				GCC_WARN_64_TO_32_BIT_CONVERSION = YES;
				GCC_WARN_ABOUT_RETURN_TYPE = YES_ERROR;
				GCC_WARN_UNDECLARED_SELECTOR = YES;
				GCC_WARN_UNINITIALIZED_AUTOS = YES_AGGRESSIVE;
				GCC_WARN_UNUSED_FUNCTION = YES;
				GCC_WARN_UNUSED_VARIABLE = YES;
				MACOSX_DEPLOYMENT_TARGET = 10.10;
				MTL_ENABLE_DEBUG_INFO = NO;
				SDKROOT = macosx;
			};
			name = Release;
		};
		0B76201E1B2D28A4000BD1D7 /* Debug */ = {
			isa = XCBuildConfiguration;
			buildSettings = {
				PRODUCT_NAME = "$(TARGET_NAME)";
			};
			name = Debug;
		};
		0B76201F1B2D28A4000BD1D7 /* Release */ = {
			isa = XCBuildConfiguration;
			buildSettings = {
				PRODUCT_NAME = "$(TARGET_NAME)";
			};
			name = Release;
		};
/* End XCBuildConfiguration section */

/* Begin XCConfigurationList section */
		0B7620111B2D28A4000BD1D7 /* Build configuration list for PBXProject "ObjC-DynamicProgramming-NumberSolitaire" */ = {
			isa = XCConfigurationList;
			buildConfigurations = (
				0B76201B1B2D28A4000BD1D7 /* Debug */,
				0B76201C1B2D28A4000BD1D7 /* Release */,
			);
			defaultConfigurationIsVisible = 0;
			defaultConfigurationName = Release;
		};
		0B76201D1B2D28A4000BD1D7 /* Build configuration list for PBXNativeTarget "ObjC-DynamicProgramming-NumberSolitaire" */ = {
			isa = XCConfigurationList;
			buildConfigurations = (
				0B76201E1B2D28A4000BD1D7 /* Debug */,
				0B76201F1B2D28A4000BD1D7 /* Release */,
			);
			defaultConfigurationIsVisible = 0;
		};
/* End XCConfigurationList section */
	};
	rootObject = 0B76200E1B2D28A4000BD1D7 /* Project object */;
}
